// !$*UTF8*$!
{
	archiveVersion = 1;
	classes = {
	};
	objectVersion = 55;
	objects = {

/* Begin PBXBuildFile section */
		214720D47B65021F4FFBD614 /* Pods_SwiftUI_Titans_CryptoTests.framework in Frameworks */ = {isa = PBXBuildFile; fileRef = 932C4BCE80CE384A710FFEA6 /* Pods_SwiftUI_Titans_CryptoTests.framework */; };
		2B2D4B6129B6A80D00DEC623 /* PagingView.swift in Sources */ = {isa = PBXBuildFile; fileRef = 2B2D4B6029B6A80D00DEC623 /* PagingView.swift */; };
		2B2D4B6329B6B30800DEC623 /* PageControl.swift in Sources */ = {isa = PBXBuildFile; fileRef = 2B2D4B6229B6B30800DEC623 /* PageControl.swift */; };
		94C2CD1BECAAC5FA49C292CD /* Pods_SwiftUI_Titans_Crypto.framework in Frameworks */ = {isa = PBXBuildFile; fileRef = 3D5FE526388A0EFDF93C1ECC /* Pods_SwiftUI_Titans_Crypto.framework */; };
		CE929DE8F049BD76919A33BF /* Pods_SwiftUI_Titans_Crypto_SwiftUI_Titans_CryptoUITests.framework in Frameworks */ = {isa = PBXBuildFile; fileRef = E15B3EA591CEED8401F91A5A /* Pods_SwiftUI_Titans_Crypto_SwiftUI_Titans_CryptoUITests.framework */; };
		D110F70F29B025CD008C8B49 /* SwiftUI_Titans_CryptoApp.swift in Sources */ = {isa = PBXBuildFile; fileRef = D110F70E29B025CD008C8B49 /* SwiftUI_Titans_CryptoApp.swift */; };
		D110F71129B025CD008C8B49 /* ContentView.swift in Sources */ = {isa = PBXBuildFile; fileRef = D110F71029B025CD008C8B49 /* ContentView.swift */; };
		D110F71329B025D8008C8B49 /* Assets.xcassets in Resources */ = {isa = PBXBuildFile; fileRef = D110F71229B025D8008C8B49 /* Assets.xcassets */; };
		D110F71629B025D8008C8B49 /* Preview Assets.xcassets in Resources */ = {isa = PBXBuildFile; fileRef = D110F71529B025D8008C8B49 /* Preview Assets.xcassets */; };
		D110F71829B025D8008C8B49 /* Persistence.swift in Sources */ = {isa = PBXBuildFile; fileRef = D110F71729B025D8008C8B49 /* Persistence.swift */; };
		D110F71B29B025D8008C8B49 /* SwiftUI_Titans_Crypto.xcdatamodeld in Sources */ = {isa = PBXBuildFile; fileRef = D110F71929B025D8008C8B49 /* SwiftUI_Titans_Crypto.xcdatamodeld */; };
		D110F72529B025D9008C8B49 /* SwiftUI_Titans_CryptoTests.swift in Sources */ = {isa = PBXBuildFile; fileRef = D110F72429B025D9008C8B49 /* SwiftUI_Titans_CryptoTests.swift */; };
		D110F72F29B025D9008C8B49 /* SwiftUI_Titans_CryptoUITests.swift in Sources */ = {isa = PBXBuildFile; fileRef = D110F72E29B025D9008C8B49 /* SwiftUI_Titans_CryptoUITests.swift */; };
		D110F73129B025D9008C8B49 /* SwiftUI_Titans_CryptoUITestsLaunchTests.swift in Sources */ = {isa = PBXBuildFile; fileRef = D110F73029B025D9008C8B49 /* SwiftUI_Titans_CryptoUITestsLaunchTests.swift */; };
		D110F74129B026D3008C8B49 /* BienvenidaView.swift in Sources */ = {isa = PBXBuildFile; fileRef = D110F74029B026D3008C8B49 /* BienvenidaView.swift */; };
		D110F74429B0271C008C8B49 /* AutenticationView.swift in Sources */ = {isa = PBXBuildFile; fileRef = D110F74329B0271C008C8B49 /* AutenticationView.swift */; };
		D110F74729B028B2008C8B49 /* RegisterMobileView.swift in Sources */ = {isa = PBXBuildFile; fileRef = D110F74629B028B2008C8B49 /* RegisterMobileView.swift */; };
		D110F74A29B028DE008C8B49 /* VerificationView.swift in Sources */ = {isa = PBXBuildFile; fileRef = D110F74929B028DE008C8B49 /* VerificationView.swift */; };
		D110F74D29B0291C008C8B49 /* CuentaCreadaView.swift in Sources */ = {isa = PBXBuildFile; fileRef = D110F74C29B0291C008C8B49 /* CuentaCreadaView.swift */; };
		D110F75029B0297C008C8B49 /* TabPrincipalView.swift in Sources */ = {isa = PBXBuildFile; fileRef = D110F74F29B0297C008C8B49 /* TabPrincipalView.swift */; };
		D110F75729B029E1008C8B49 /* HomeView.swift in Sources */ = {isa = PBXBuildFile; fileRef = D110F75629B029E1008C8B49 /* HomeView.swift */; };
		D110F75929B029EE008C8B49 /* MarketsView.swift in Sources */ = {isa = PBXBuildFile; fileRef = D110F75829B029EE008C8B49 /* MarketsView.swift */; };
		D110F75B29B029F8008C8B49 /* TradesView.swift in Sources */ = {isa = PBXBuildFile; fileRef = D110F75A29B029F8008C8B49 /* TradesView.swift */; };
		D110F75D29B02A07008C8B49 /* ActivityView.swift in Sources */ = {isa = PBXBuildFile; fileRef = D110F75C29B02A07008C8B49 /* ActivityView.swift */; };
		D110F75F29B02A14008C8B49 /* WalletsView.swift in Sources */ = {isa = PBXBuildFile; fileRef = D110F75E29B02A14008C8B49 /* WalletsView.swift */; };
		D14E848629BF7C9C00852419 /* QrCodeScannerView.swift in Sources */ = {isa = PBXBuildFile; fileRef = D14E848529BF7C9C00852419 /* QrCodeScannerView.swift */; };
		D14E848829BF7CBE00852419 /* CameraPreview.swift in Sources */ = {isa = PBXBuildFile; fileRef = D14E848729BF7CBE00852419 /* CameraPreview.swift */; };
		D14E848A29BF7D5100852419 /* QrCodeCameraDelegate.swift in Sources */ = {isa = PBXBuildFile; fileRef = D14E848929BF7D5100852419 /* QrCodeCameraDelegate.swift */; };
		D14E848E29BF81B700852419 /* WalletsViewModel.swift in Sources */ = {isa = PBXBuildFile; fileRef = D14E848D29BF81B700852419 /* WalletsViewModel.swift */; };
		D18E6D1A29B6BCEF0017F736 /* BienvenidaModelo.swift in Sources */ = {isa = PBXBuildFile; fileRef = D18E6D1929B6BCEF0017F736 /* BienvenidaModelo.swift */; };
		D18E6D1E29B7FED80017F736 /* AutenticationViewModel.swift in Sources */ = {isa = PBXBuildFile; fileRef = D18E6D1D29B7FED80017F736 /* AutenticationViewModel.swift */; };
		D18E6D2029B7FFC00017F736 /* GoogleService-Info.plist in Resources */ = {isa = PBXBuildFile; fileRef = D18E6D1F29B7FFC00017F736 /* GoogleService-Info.plist */; };
		D18E6D2329B802AC0017F736 /* AppDelegate.swift in Sources */ = {isa = PBXBuildFile; fileRef = D18E6D2229B802AC0017F736 /* AppDelegate.swift */; };
		D18E6D2529B9554E0017F736 /* AppSharedViewModel.swift in Sources */ = {isa = PBXBuildFile; fileRef = D18E6D2429B9554E0017F736 /* AppSharedViewModel.swift */; };
		D18E6D2729B958D60017F736 /* HomeViewModel.swift in Sources */ = {isa = PBXBuildFile; fileRef = D18E6D2629B958D60017F736 /* HomeViewModel.swift */; };
		D18E6D2929B95D960017F736 /* RegisterMobileViewModel.swift in Sources */ = {isa = PBXBuildFile; fileRef = D18E6D2829B95D950017F736 /* RegisterMobileViewModel.swift */; };
		D18E6D2C29BBB9290017F736 /* WalletsQRView.swift in Sources */ = {isa = PBXBuildFile; fileRef = D18E6D2B29BBB9290017F736 /* WalletsQRView.swift */; };
		D1B0DCB929BFF6C6003A074A /* CameraShape.swift in Sources */ = {isa = PBXBuildFile; fileRef = D1B0DCB829BFF6C6003A074A /* CameraShape.swift */; };
		D1B0DCBC29C000F4003A074A /* Constantes.swift in Sources */ = {isa = PBXBuildFile; fileRef = D1B0DCBB29C000F4003A074A /* Constantes.swift */; };
		D1EF864229B2C10B00AC9A7D /* Componentes.swift in Sources */ = {isa = PBXBuildFile; fileRef = D1EF864129B2C10B00AC9A7D /* Componentes.swift */; };
/* End PBXBuildFile section */

/* Begin PBXContainerItemProxy section */
		D110F72129B025D9008C8B49 /* PBXContainerItemProxy */ = {
			isa = PBXContainerItemProxy;
			containerPortal = D110F70329B025CD008C8B49 /* Project object */;
			proxyType = 1;
			remoteGlobalIDString = D110F70A29B025CD008C8B49;
			remoteInfo = "SwiftUI-Titans-Crypto";
		};
		D110F72B29B025D9008C8B49 /* PBXContainerItemProxy */ = {
			isa = PBXContainerItemProxy;
			containerPortal = D110F70329B025CD008C8B49 /* Project object */;
			proxyType = 1;
			remoteGlobalIDString = D110F70A29B025CD008C8B49;
			remoteInfo = "SwiftUI-Titans-Crypto";
		};
/* End PBXContainerItemProxy section */

/* Begin PBXFileReference section */
		0265DF692F585D678C0B99F3 /* Pods-SwiftUI-Titans-CryptoTests.release.xcconfig */ = {isa = PBXFileReference; includeInIndex = 1; lastKnownFileType = text.xcconfig; name = "Pods-SwiftUI-Titans-CryptoTests.release.xcconfig"; path = "Target Support Files/Pods-SwiftUI-Titans-CryptoTests/Pods-SwiftUI-Titans-CryptoTests.release.xcconfig"; sourceTree = "<group>"; };
		1789C048DD54C1EBC1944A29 /* Pods-SwiftUI-Titans-Crypto-SwiftUI-Titans-CryptoUITests.debug.xcconfig */ = {isa = PBXFileReference; includeInIndex = 1; lastKnownFileType = text.xcconfig; name = "Pods-SwiftUI-Titans-Crypto-SwiftUI-Titans-CryptoUITests.debug.xcconfig"; path = "Target Support Files/Pods-SwiftUI-Titans-Crypto-SwiftUI-Titans-CryptoUITests/Pods-SwiftUI-Titans-Crypto-SwiftUI-Titans-CryptoUITests.debug.xcconfig"; sourceTree = "<group>"; };
		20F5460CE4302B805A0D9922 /* Pods-SwiftUI-Titans-Crypto-SwiftUI-Titans-CryptoUITests.release.xcconfig */ = {isa = PBXFileReference; includeInIndex = 1; lastKnownFileType = text.xcconfig; name = "Pods-SwiftUI-Titans-Crypto-SwiftUI-Titans-CryptoUITests.release.xcconfig"; path = "Target Support Files/Pods-SwiftUI-Titans-Crypto-SwiftUI-Titans-CryptoUITests/Pods-SwiftUI-Titans-Crypto-SwiftUI-Titans-CryptoUITests.release.xcconfig"; sourceTree = "<group>"; };
		2B2D4B6029B6A80D00DEC623 /* PagingView.swift */ = {isa = PBXFileReference; lastKnownFileType = sourcecode.swift; path = PagingView.swift; sourceTree = "<group>"; };
		2B2D4B6229B6B30800DEC623 /* PageControl.swift */ = {isa = PBXFileReference; lastKnownFileType = sourcecode.swift; path = PageControl.swift; sourceTree = "<group>"; };
		3D5FE526388A0EFDF93C1ECC /* Pods_SwiftUI_Titans_Crypto.framework */ = {isa = PBXFileReference; explicitFileType = wrapper.framework; includeInIndex = 0; path = Pods_SwiftUI_Titans_Crypto.framework; sourceTree = BUILT_PRODUCTS_DIR; };
		632B5042C3B73AFA11F0A3F4 /* Pods-SwiftUI-Titans-Crypto.debug.xcconfig */ = {isa = PBXFileReference; includeInIndex = 1; lastKnownFileType = text.xcconfig; name = "Pods-SwiftUI-Titans-Crypto.debug.xcconfig"; path = "Target Support Files/Pods-SwiftUI-Titans-Crypto/Pods-SwiftUI-Titans-Crypto.debug.xcconfig"; sourceTree = "<group>"; };
		63AE694A504D922B55562854 /* Pods-SwiftUI-Titans-CryptoTests.debug.xcconfig */ = {isa = PBXFileReference; includeInIndex = 1; lastKnownFileType = text.xcconfig; name = "Pods-SwiftUI-Titans-CryptoTests.debug.xcconfig"; path = "Target Support Files/Pods-SwiftUI-Titans-CryptoTests/Pods-SwiftUI-Titans-CryptoTests.debug.xcconfig"; sourceTree = "<group>"; };
		932C4BCE80CE384A710FFEA6 /* Pods_SwiftUI_Titans_CryptoTests.framework */ = {isa = PBXFileReference; explicitFileType = wrapper.framework; includeInIndex = 0; path = Pods_SwiftUI_Titans_CryptoTests.framework; sourceTree = BUILT_PRODUCTS_DIR; };
		D110F70B29B025CD008C8B49 /* SwiftUI-Titans-Crypto.app */ = {isa = PBXFileReference; explicitFileType = wrapper.application; includeInIndex = 0; path = "SwiftUI-Titans-Crypto.app"; sourceTree = BUILT_PRODUCTS_DIR; };
		D110F70E29B025CD008C8B49 /* SwiftUI_Titans_CryptoApp.swift */ = {isa = PBXFileReference; lastKnownFileType = sourcecode.swift; path = SwiftUI_Titans_CryptoApp.swift; sourceTree = "<group>"; };
		D110F71029B025CD008C8B49 /* ContentView.swift */ = {isa = PBXFileReference; lastKnownFileType = sourcecode.swift; path = ContentView.swift; sourceTree = "<group>"; };
		D110F71229B025D8008C8B49 /* Assets.xcassets */ = {isa = PBXFileReference; lastKnownFileType = folder.assetcatalog; path = Assets.xcassets; sourceTree = "<group>"; };
		D110F71529B025D8008C8B49 /* Preview Assets.xcassets */ = {isa = PBXFileReference; lastKnownFileType = folder.assetcatalog; path = "Preview Assets.xcassets"; sourceTree = "<group>"; };
		D110F71729B025D8008C8B49 /* Persistence.swift */ = {isa = PBXFileReference; lastKnownFileType = sourcecode.swift; path = Persistence.swift; sourceTree = "<group>"; };
		D110F71A29B025D8008C8B49 /* SwiftUI_Titans_Crypto.xcdatamodel */ = {isa = PBXFileReference; lastKnownFileType = wrapper.xcdatamodel; path = SwiftUI_Titans_Crypto.xcdatamodel; sourceTree = "<group>"; };
		D110F72029B025D9008C8B49 /* SwiftUI-Titans-CryptoTests.xctest */ = {isa = PBXFileReference; explicitFileType = wrapper.cfbundle; includeInIndex = 0; path = "SwiftUI-Titans-CryptoTests.xctest"; sourceTree = BUILT_PRODUCTS_DIR; };
		D110F72429B025D9008C8B49 /* SwiftUI_Titans_CryptoTests.swift */ = {isa = PBXFileReference; lastKnownFileType = sourcecode.swift; path = SwiftUI_Titans_CryptoTests.swift; sourceTree = "<group>"; };
		D110F72A29B025D9008C8B49 /* SwiftUI-Titans-CryptoUITests.xctest */ = {isa = PBXFileReference; explicitFileType = wrapper.cfbundle; includeInIndex = 0; path = "SwiftUI-Titans-CryptoUITests.xctest"; sourceTree = BUILT_PRODUCTS_DIR; };
		D110F72E29B025D9008C8B49 /* SwiftUI_Titans_CryptoUITests.swift */ = {isa = PBXFileReference; lastKnownFileType = sourcecode.swift; path = SwiftUI_Titans_CryptoUITests.swift; sourceTree = "<group>"; };
		D110F73029B025D9008C8B49 /* SwiftUI_Titans_CryptoUITestsLaunchTests.swift */ = {isa = PBXFileReference; lastKnownFileType = sourcecode.swift; path = SwiftUI_Titans_CryptoUITestsLaunchTests.swift; sourceTree = "<group>"; };
		D110F74029B026D3008C8B49 /* BienvenidaView.swift */ = {isa = PBXFileReference; lastKnownFileType = sourcecode.swift; path = BienvenidaView.swift; sourceTree = "<group>"; };
		D110F74329B0271C008C8B49 /* AutenticationView.swift */ = {isa = PBXFileReference; lastKnownFileType = sourcecode.swift; path = AutenticationView.swift; sourceTree = "<group>"; };
		D110F74629B028B2008C8B49 /* RegisterMobileView.swift */ = {isa = PBXFileReference; lastKnownFileType = sourcecode.swift; path = RegisterMobileView.swift; sourceTree = "<group>"; };
		D110F74929B028DE008C8B49 /* VerificationView.swift */ = {isa = PBXFileReference; lastKnownFileType = sourcecode.swift; path = VerificationView.swift; sourceTree = "<group>"; };
		D110F74C29B0291C008C8B49 /* CuentaCreadaView.swift */ = {isa = PBXFileReference; lastKnownFileType = sourcecode.swift; path = CuentaCreadaView.swift; sourceTree = "<group>"; };
		D110F74F29B0297C008C8B49 /* TabPrincipalView.swift */ = {isa = PBXFileReference; lastKnownFileType = sourcecode.swift; path = TabPrincipalView.swift; sourceTree = "<group>"; };
		D110F75629B029E1008C8B49 /* HomeView.swift */ = {isa = PBXFileReference; lastKnownFileType = sourcecode.swift; path = HomeView.swift; sourceTree = "<group>"; };
		D110F75829B029EE008C8B49 /* MarketsView.swift */ = {isa = PBXFileReference; lastKnownFileType = sourcecode.swift; path = MarketsView.swift; sourceTree = "<group>"; };
		D110F75A29B029F8008C8B49 /* TradesView.swift */ = {isa = PBXFileReference; lastKnownFileType = sourcecode.swift; path = TradesView.swift; sourceTree = "<group>"; };
		D110F75C29B02A07008C8B49 /* ActivityView.swift */ = {isa = PBXFileReference; lastKnownFileType = sourcecode.swift; path = ActivityView.swift; sourceTree = "<group>"; };
		D110F75E29B02A14008C8B49 /* WalletsView.swift */ = {isa = PBXFileReference; lastKnownFileType = sourcecode.swift; path = WalletsView.swift; sourceTree = "<group>"; };
		D14E848529BF7C9C00852419 /* QrCodeScannerView.swift */ = {isa = PBXFileReference; lastKnownFileType = sourcecode.swift; path = QrCodeScannerView.swift; sourceTree = "<group>"; };
		D14E848729BF7CBE00852419 /* CameraPreview.swift */ = {isa = PBXFileReference; lastKnownFileType = sourcecode.swift; path = CameraPreview.swift; sourceTree = "<group>"; };
		D14E848929BF7D5100852419 /* QrCodeCameraDelegate.swift */ = {isa = PBXFileReference; lastKnownFileType = sourcecode.swift; path = QrCodeCameraDelegate.swift; sourceTree = "<group>"; };
		D14E848D29BF81B700852419 /* WalletsViewModel.swift */ = {isa = PBXFileReference; lastKnownFileType = sourcecode.swift; path = WalletsViewModel.swift; sourceTree = "<group>"; };
		D18E6D1929B6BCEF0017F736 /* BienvenidaModelo.swift */ = {isa = PBXFileReference; lastKnownFileType = sourcecode.swift; path = BienvenidaModelo.swift; sourceTree = "<group>"; };
		D18E6D1B29B7D1E20017F736 /* Info.plist */ = {isa = PBXFileReference; lastKnownFileType = text.plist; path = Info.plist; sourceTree = "<group>"; };
		D18E6D1D29B7FED80017F736 /* AutenticationViewModel.swift */ = {isa = PBXFileReference; lastKnownFileType = sourcecode.swift; path = AutenticationViewModel.swift; sourceTree = "<group>"; };
		D18E6D1F29B7FFC00017F736 /* GoogleService-Info.plist */ = {isa = PBXFileReference; fileEncoding = 4; lastKnownFileType = text.plist.xml; path = "GoogleService-Info.plist"; sourceTree = "<group>"; };
		D18E6D2229B802AC0017F736 /* AppDelegate.swift */ = {isa = PBXFileReference; lastKnownFileType = sourcecode.swift; path = AppDelegate.swift; sourceTree = "<group>"; };
		D18E6D2429B9554E0017F736 /* AppSharedViewModel.swift */ = {isa = PBXFileReference; lastKnownFileType = sourcecode.swift; path = AppSharedViewModel.swift; sourceTree = "<group>"; };
		D18E6D2629B958D60017F736 /* HomeViewModel.swift */ = {isa = PBXFileReference; lastKnownFileType = sourcecode.swift; path = HomeViewModel.swift; sourceTree = "<group>"; };
		D18E6D2829B95D950017F736 /* RegisterMobileViewModel.swift */ = {isa = PBXFileReference; lastKnownFileType = sourcecode.swift; path = RegisterMobileViewModel.swift; sourceTree = "<group>"; };
		D18E6D2A29B9675B0017F736 /* SwiftUI-Titans-Crypto.entitlements */ = {isa = PBXFileReference; lastKnownFileType = text.plist.entitlements; path = "SwiftUI-Titans-Crypto.entitlements"; sourceTree = "<group>"; };
		D18E6D2B29BBB9290017F736 /* WalletsQRView.swift */ = {isa = PBXFileReference; lastKnownFileType = sourcecode.swift; path = WalletsQRView.swift; sourceTree = "<group>"; };
		D1B0DCB829BFF6C6003A074A /* CameraShape.swift */ = {isa = PBXFileReference; lastKnownFileType = sourcecode.swift; path = CameraShape.swift; sourceTree = "<group>"; };
		D1B0DCBB29C000F4003A074A /* Constantes.swift */ = {isa = PBXFileReference; lastKnownFileType = sourcecode.swift; path = Constantes.swift; sourceTree = "<group>"; };
		D1EF864129B2C10B00AC9A7D /* Componentes.swift */ = {isa = PBXFileReference; lastKnownFileType = sourcecode.swift; path = Componentes.swift; sourceTree = "<group>"; };
		E15B3EA591CEED8401F91A5A /* Pods_SwiftUI_Titans_Crypto_SwiftUI_Titans_CryptoUITests.framework */ = {isa = PBXFileReference; explicitFileType = wrapper.framework; includeInIndex = 0; path = Pods_SwiftUI_Titans_Crypto_SwiftUI_Titans_CryptoUITests.framework; sourceTree = BUILT_PRODUCTS_DIR; };
		E7907746543C44D34C354E39 /* Pods-SwiftUI-Titans-Crypto.release.xcconfig */ = {isa = PBXFileReference; includeInIndex = 1; lastKnownFileType = text.xcconfig; name = "Pods-SwiftUI-Titans-Crypto.release.xcconfig"; path = "Target Support Files/Pods-SwiftUI-Titans-Crypto/Pods-SwiftUI-Titans-Crypto.release.xcconfig"; sourceTree = "<group>"; };
/* End PBXFileReference section */

/* Begin PBXFrameworksBuildPhase section */
		D110F70829B025CD008C8B49 /* Frameworks */ = {
			isa = PBXFrameworksBuildPhase;
			buildActionMask = 2147483647;
			files = (
				94C2CD1BECAAC5FA49C292CD /* Pods_SwiftUI_Titans_Crypto.framework in Frameworks */,
			);
			runOnlyForDeploymentPostprocessing = 0;
		};
		D110F71D29B025D9008C8B49 /* Frameworks */ = {
			isa = PBXFrameworksBuildPhase;
			buildActionMask = 2147483647;
			files = (
				214720D47B65021F4FFBD614 /* Pods_SwiftUI_Titans_CryptoTests.framework in Frameworks */,
			);
			runOnlyForDeploymentPostprocessing = 0;
		};
		D110F72729B025D9008C8B49 /* Frameworks */ = {
			isa = PBXFrameworksBuildPhase;
			buildActionMask = 2147483647;
			files = (
				CE929DE8F049BD76919A33BF /* Pods_SwiftUI_Titans_Crypto_SwiftUI_Titans_CryptoUITests.framework in Frameworks */,
			);
			runOnlyForDeploymentPostprocessing = 0;
		};
/* End PBXFrameworksBuildPhase section */

/* Begin PBXGroup section */
		317092A08255332081341BAD /* Frameworks */ = {
			isa = PBXGroup;
			children = (
				3D5FE526388A0EFDF93C1ECC /* Pods_SwiftUI_Titans_Crypto.framework */,
				E15B3EA591CEED8401F91A5A /* Pods_SwiftUI_Titans_Crypto_SwiftUI_Titans_CryptoUITests.framework */,
				932C4BCE80CE384A710FFEA6 /* Pods_SwiftUI_Titans_CryptoTests.framework */,
			);
			name = Frameworks;
			sourceTree = "<group>";
		};
		D110F70229B025CD008C8B49 = {
			isa = PBXGroup;
			children = (
				D110F70D29B025CD008C8B49 /* SwiftUI-Titans-Crypto */,
				D110F72329B025D9008C8B49 /* SwiftUI-Titans-CryptoTests */,
				D110F72D29B025D9008C8B49 /* SwiftUI-Titans-CryptoUITests */,
				D110F70C29B025CD008C8B49 /* Products */,
				E97A2D95C202C1D4EBDC1158 /* Pods */,
				317092A08255332081341BAD /* Frameworks */,
			);
			sourceTree = "<group>";
		};
		D110F70C29B025CD008C8B49 /* Products */ = {
			isa = PBXGroup;
			children = (
				D110F70B29B025CD008C8B49 /* SwiftUI-Titans-Crypto.app */,
				D110F72029B025D9008C8B49 /* SwiftUI-Titans-CryptoTests.xctest */,
				D110F72A29B025D9008C8B49 /* SwiftUI-Titans-CryptoUITests.xctest */,
			);
			name = Products;
			sourceTree = "<group>";
		};
		D110F70D29B025CD008C8B49 /* SwiftUI-Titans-Crypto */ = {
			isa = PBXGroup;
			children = (
				D1B0DCBA29C000DE003A074A /* Utilitarios */,
				D18E6D2A29B9675B0017F736 /* SwiftUI-Titans-Crypto.entitlements */,
				D18E6D1F29B7FFC00017F736 /* GoogleService-Info.plist */,
				D18E6D1B29B7D1E20017F736 /* Info.plist */,
				D18E6D1729B6BCBE0017F736 /* Dominio */,
				D1EF864029B2C0EF00AC9A7D /* Componentes */,
				D110F73E29B02668008C8B49 /* Views */,
				D110F73D29B0265B008C8B49 /* App */,
				D110F71029B025CD008C8B49 /* ContentView.swift */,
				D110F71229B025D8008C8B49 /* Assets.xcassets */,
				D110F71729B025D8008C8B49 /* Persistence.swift */,
				D110F71929B025D8008C8B49 /* SwiftUI_Titans_Crypto.xcdatamodeld */,
				D110F71429B025D8008C8B49 /* Preview Content */,
			);
			path = "SwiftUI-Titans-Crypto";
			sourceTree = "<group>";
		};
		D110F71429B025D8008C8B49 /* Preview Content */ = {
			isa = PBXGroup;
			children = (
				D110F71529B025D8008C8B49 /* Preview Assets.xcassets */,
			);
			path = "Preview Content";
			sourceTree = "<group>";
		};
		D110F72329B025D9008C8B49 /* SwiftUI-Titans-CryptoTests */ = {
			isa = PBXGroup;
			children = (
				D110F72429B025D9008C8B49 /* SwiftUI_Titans_CryptoTests.swift */,
			);
			path = "SwiftUI-Titans-CryptoTests";
			sourceTree = "<group>";
		};
		D110F72D29B025D9008C8B49 /* SwiftUI-Titans-CryptoUITests */ = {
			isa = PBXGroup;
			children = (
				D110F72E29B025D9008C8B49 /* SwiftUI_Titans_CryptoUITests.swift */,
				D110F73029B025D9008C8B49 /* SwiftUI_Titans_CryptoUITestsLaunchTests.swift */,
			);
			path = "SwiftUI-Titans-CryptoUITests";
			sourceTree = "<group>";
		};
		D110F73D29B0265B008C8B49 /* App */ = {
			isa = PBXGroup;
			children = (
				D110F70E29B025CD008C8B49 /* SwiftUI_Titans_CryptoApp.swift */,
				D18E6D2229B802AC0017F736 /* AppDelegate.swift */,
				D18E6D2429B9554E0017F736 /* AppSharedViewModel.swift */,
			);
			path = App;
			sourceTree = "<group>";
		};
		D110F73E29B02668008C8B49 /* Views */ = {
			isa = PBXGroup;
			children = (
				D110F74E29B02960008C8B49 /* TabPrincipal */,
				D110F74229B026F7008C8B49 /* Autentication */,
				D110F73F29B026BC008C8B49 /* Bienvenida */,
			);
			path = Views;
			sourceTree = "<group>";
		};
		D110F73F29B026BC008C8B49 /* Bienvenida */ = {
			isa = PBXGroup;
			children = (
				D110F74029B026D3008C8B49 /* BienvenidaView.swift */,
				2B2D4B6029B6A80D00DEC623 /* PagingView.swift */,
				2B2D4B6229B6B30800DEC623 /* PageControl.swift */,
			);
			path = Bienvenida;
			sourceTree = "<group>";
		};
		D110F74229B026F7008C8B49 /* Autentication */ = {
			isa = PBXGroup;
			children = (
				D110F74B29B0290C008C8B49 /* CuentaCreada */,
				D110F74829B028CB008C8B49 /* Verification */,
				D110F74529B02885008C8B49 /* RegisterMobile */,
				D110F74329B0271C008C8B49 /* AutenticationView.swift */,
				D18E6D1D29B7FED80017F736 /* AutenticationViewModel.swift */,
			);
			path = Autentication;
			sourceTree = "<group>";
		};
		D110F74529B02885008C8B49 /* RegisterMobile */ = {
			isa = PBXGroup;
			children = (
				D110F74629B028B2008C8B49 /* RegisterMobileView.swift */,
				D18E6D2829B95D950017F736 /* RegisterMobileViewModel.swift */,
			);
			path = RegisterMobile;
			sourceTree = "<group>";
		};
		D110F74829B028CB008C8B49 /* Verification */ = {
			isa = PBXGroup;
			children = (
				D110F74929B028DE008C8B49 /* VerificationView.swift */,
			);
			path = Verification;
			sourceTree = "<group>";
		};
		D110F74B29B0290C008C8B49 /* CuentaCreada */ = {
			isa = PBXGroup;
			children = (
				D110F74C29B0291C008C8B49 /* CuentaCreadaView.swift */,
			);
			path = CuentaCreada;
			sourceTree = "<group>";
		};
		D110F74E29B02960008C8B49 /* TabPrincipal */ = {
			isa = PBXGroup;
			children = (
				D110F75529B029C3008C8B49 /* Wallets */,
				D110F75429B029BB008C8B49 /* Activity */,
				D110F75329B029B3008C8B49 /* Trades */,
				D110F75229B029AB008C8B49 /* Markets */,
				D110F75129B029A5008C8B49 /* Home */,
				D110F74F29B0297C008C8B49 /* TabPrincipalView.swift */,
			);
			path = TabPrincipal;
			sourceTree = "<group>";
		};
		D110F75129B029A5008C8B49 /* Home */ = {
			isa = PBXGroup;
			children = (
				D110F75629B029E1008C8B49 /* HomeView.swift */,
				D18E6D2629B958D60017F736 /* HomeViewModel.swift */,
			);
			path = Home;
			sourceTree = "<group>";
		};
		D110F75229B029AB008C8B49 /* Markets */ = {
			isa = PBXGroup;
			children = (
				D110F75829B029EE008C8B49 /* MarketsView.swift */,
			);
			path = Markets;
			sourceTree = "<group>";
		};
		D110F75329B029B3008C8B49 /* Trades */ = {
			isa = PBXGroup;
			children = (
				D110F75A29B029F8008C8B49 /* TradesView.swift */,
			);
			path = Trades;
			sourceTree = "<group>";
		};
		D110F75429B029BB008C8B49 /* Activity */ = {
			isa = PBXGroup;
			children = (
				D110F75C29B02A07008C8B49 /* ActivityView.swift */,
			);
			path = Activity;
			sourceTree = "<group>";
		};
		D110F75529B029C3008C8B49 /* Wallets */ = {
			isa = PBXGroup;
			children = (
				D1B0DCB829BFF6C6003A074A /* CameraShape.swift */,
				D110F75E29B02A14008C8B49 /* WalletsView.swift */,
				D14E848D29BF81B700852419 /* WalletsViewModel.swift */,
				D14E848429BF7C6B00852419 /* WalletsComponentes */,
				D18E6D2B29BBB9290017F736 /* WalletsQRView.swift */,
			);
			path = Wallets;
			sourceTree = "<group>";
		};
		D14E848429BF7C6B00852419 /* WalletsComponentes */ = {
			isa = PBXGroup;
			children = (
				D14E848529BF7C9C00852419 /* QrCodeScannerView.swift */,
				D14E848729BF7CBE00852419 /* CameraPreview.swift */,
				D14E848929BF7D5100852419 /* QrCodeCameraDelegate.swift */,
			);
			path = WalletsComponentes;
			sourceTree = "<group>";
		};
		D18E6D1729B6BCBE0017F736 /* Dominio */ = {
			isa = PBXGroup;
			children = (
				D18E6D1829B6BCD00017F736 /* Modelos */,
			);
			path = Dominio;
			sourceTree = "<group>";
		};
		D18E6D1829B6BCD00017F736 /* Modelos */ = {
			isa = PBXGroup;
			children = (
				D18E6D1929B6BCEF0017F736 /* BienvenidaModelo.swift */,
			);
			path = Modelos;
			sourceTree = "<group>";
		};
		D1B0DCBA29C000DE003A074A /* Utilitarios */ = {
			isa = PBXGroup;
			children = (
				D1B0DCBB29C000F4003A074A /* Constantes.swift */,
			);
			path = Utilitarios;
			sourceTree = "<group>";
		};
		D1EF864029B2C0EF00AC9A7D /* Componentes */ = {
			isa = PBXGroup;
			children = (
				D1EF864129B2C10B00AC9A7D /* Componentes.swift */,
			);
			path = Componentes;
			sourceTree = "<group>";
		};
		E97A2D95C202C1D4EBDC1158 /* Pods */ = {
			isa = PBXGroup;
			children = (
				632B5042C3B73AFA11F0A3F4 /* Pods-SwiftUI-Titans-Crypto.debug.xcconfig */,
				E7907746543C44D34C354E39 /* Pods-SwiftUI-Titans-Crypto.release.xcconfig */,
				1789C048DD54C1EBC1944A29 /* Pods-SwiftUI-Titans-Crypto-SwiftUI-Titans-CryptoUITests.debug.xcconfig */,
				20F5460CE4302B805A0D9922 /* Pods-SwiftUI-Titans-Crypto-SwiftUI-Titans-CryptoUITests.release.xcconfig */,
				63AE694A504D922B55562854 /* Pods-SwiftUI-Titans-CryptoTests.debug.xcconfig */,
				0265DF692F585D678C0B99F3 /* Pods-SwiftUI-Titans-CryptoTests.release.xcconfig */,
			);
			path = Pods;
			sourceTree = "<group>";
		};
/* End PBXGroup section */

/* Begin PBXNativeTarget section */
		D110F70A29B025CD008C8B49 /* SwiftUI-Titans-Crypto */ = {
			isa = PBXNativeTarget;
			buildConfigurationList = D110F73429B025D9008C8B49 /* Build configuration list for PBXNativeTarget "SwiftUI-Titans-Crypto" */;
			buildPhases = (
				5FDACCB600CF52772F543747 /* [CP] Check Pods Manifest.lock */,
				D110F70729B025CD008C8B49 /* Sources */,
				D110F70829B025CD008C8B49 /* Frameworks */,
				D110F70929B025CD008C8B49 /* Resources */,
				A9A0A15A746C2604286D1B13 /* [CP] Embed Pods Frameworks */,
			);
			buildRules = (
			);
			dependencies = (
			);
			name = "SwiftUI-Titans-Crypto";
			productName = "SwiftUI-Titans-Crypto";
			productReference = D110F70B29B025CD008C8B49 /* SwiftUI-Titans-Crypto.app */;
			productType = "com.apple.product-type.application";
		};
		D110F71F29B025D9008C8B49 /* SwiftUI-Titans-CryptoTests */ = {
			isa = PBXNativeTarget;
			buildConfigurationList = D110F73729B025D9008C8B49 /* Build configuration list for PBXNativeTarget "SwiftUI-Titans-CryptoTests" */;
			buildPhases = (
				8B55FEAD1526B8F1A8879759 /* [CP] Check Pods Manifest.lock */,
				D110F71C29B025D9008C8B49 /* Sources */,
				D110F71D29B025D9008C8B49 /* Frameworks */,
				D110F71E29B025D9008C8B49 /* Resources */,
			);
			buildRules = (
			);
			dependencies = (
				D110F72229B025D9008C8B49 /* PBXTargetDependency */,
			);
			name = "SwiftUI-Titans-CryptoTests";
			productName = "SwiftUI-Titans-CryptoTests";
			productReference = D110F72029B025D9008C8B49 /* SwiftUI-Titans-CryptoTests.xctest */;
			productType = "com.apple.product-type.bundle.unit-test";
		};
		D110F72929B025D9008C8B49 /* SwiftUI-Titans-CryptoUITests */ = {
			isa = PBXNativeTarget;
			buildConfigurationList = D110F73A29B025D9008C8B49 /* Build configuration list for PBXNativeTarget "SwiftUI-Titans-CryptoUITests" */;
			buildPhases = (
				0102A6268FFB8F9268D559F4 /* [CP] Check Pods Manifest.lock */,
				D110F72629B025D9008C8B49 /* Sources */,
				D110F72729B025D9008C8B49 /* Frameworks */,
				D110F72829B025D9008C8B49 /* Resources */,
				0D0C1F5CE0B86549740BC81E /* [CP] Embed Pods Frameworks */,
			);
			buildRules = (
			);
			dependencies = (
				D110F72C29B025D9008C8B49 /* PBXTargetDependency */,
			);
			name = "SwiftUI-Titans-CryptoUITests";
			productName = "SwiftUI-Titans-CryptoUITests";
			productReference = D110F72A29B025D9008C8B49 /* SwiftUI-Titans-CryptoUITests.xctest */;
			productType = "com.apple.product-type.bundle.ui-testing";
		};
/* End PBXNativeTarget section */

/* Begin PBXProject section */
		D110F70329B025CD008C8B49 /* Project object */ = {
			isa = PBXProject;
			attributes = {
				BuildIndependentTargetsInParallel = 1;
				LastSwiftUpdateCheck = 1420;
				LastUpgradeCheck = 1420;
				TargetAttributes = {
					D110F70A29B025CD008C8B49 = {
						CreatedOnToolsVersion = 14.2;
					};
					D110F71F29B025D9008C8B49 = {
						CreatedOnToolsVersion = 14.2;
						TestTargetID = D110F70A29B025CD008C8B49;
					};
					D110F72929B025D9008C8B49 = {
						CreatedOnToolsVersion = 14.2;
						TestTargetID = D110F70A29B025CD008C8B49;
					};
				};
			};
			buildConfigurationList = D110F70629B025CD008C8B49 /* Build configuration list for PBXProject "SwiftUI-Titans-Crypto" */;
			compatibilityVersion = "Xcode 13.0";
			developmentRegion = en;
			hasScannedForEncodings = 0;
			knownRegions = (
				en,
				Base,
			);
			mainGroup = D110F70229B025CD008C8B49;
			productRefGroup = D110F70C29B025CD008C8B49 /* Products */;
			projectDirPath = "";
			projectRoot = "";
			targets = (
				D110F70A29B025CD008C8B49 /* SwiftUI-Titans-Crypto */,
				D110F71F29B025D9008C8B49 /* SwiftUI-Titans-CryptoTests */,
				D110F72929B025D9008C8B49 /* SwiftUI-Titans-CryptoUITests */,
			);
		};
/* End PBXProject section */

/* Begin PBXResourcesBuildPhase section */
		D110F70929B025CD008C8B49 /* Resources */ = {
			isa = PBXResourcesBuildPhase;
			buildActionMask = 2147483647;
			files = (
				D110F71629B025D8008C8B49 /* Preview Assets.xcassets in Resources */,
				D18E6D2029B7FFC00017F736 /* GoogleService-Info.plist in Resources */,
				D110F71329B025D8008C8B49 /* Assets.xcassets in Resources */,
			);
			runOnlyForDeploymentPostprocessing = 0;
		};
		D110F71E29B025D9008C8B49 /* Resources */ = {
			isa = PBXResourcesBuildPhase;
			buildActionMask = 2147483647;
			files = (
			);
			runOnlyForDeploymentPostprocessing = 0;
		};
		D110F72829B025D9008C8B49 /* Resources */ = {
			isa = PBXResourcesBuildPhase;
			buildActionMask = 2147483647;
			files = (
			);
			runOnlyForDeploymentPostprocessing = 0;
		};
/* End PBXResourcesBuildPhase section */

/* Begin PBXShellScriptBuildPhase section */
		0102A6268FFB8F9268D559F4 /* [CP] Check Pods Manifest.lock */ = {
			isa = PBXShellScriptBuildPhase;
			buildActionMask = 2147483647;
			files = (
			);
			inputFileListPaths = (
			);
			inputPaths = (
				"${PODS_PODFILE_DIR_PATH}/Podfile.lock",
				"${PODS_ROOT}/Manifest.lock",
			);
			name = "[CP] Check Pods Manifest.lock";
			outputFileListPaths = (
			);
			outputPaths = (
				"$(DERIVED_FILE_DIR)/Pods-SwiftUI-Titans-Crypto-SwiftUI-Titans-CryptoUITests-checkManifestLockResult.txt",
			);
			runOnlyForDeploymentPostprocessing = 0;
			shellPath = /bin/sh;
			shellScript = "diff \"${PODS_PODFILE_DIR_PATH}/Podfile.lock\" \"${PODS_ROOT}/Manifest.lock\" > /dev/null\nif [ $? != 0 ] ; then\n    # print error to STDERR\n    echo \"error: The sandbox is not in sync with the Podfile.lock. Run 'pod install' or update your CocoaPods installation.\" >&2\n    exit 1\nfi\n# This output is used by Xcode 'outputs' to avoid re-running this script phase.\necho \"SUCCESS\" > \"${SCRIPT_OUTPUT_FILE_0}\"\n";
			showEnvVarsInLog = 0;
		};
		0D0C1F5CE0B86549740BC81E /* [CP] Embed Pods Frameworks */ = {
			isa = PBXShellScriptBuildPhase;
			buildActionMask = 2147483647;
			files = (
			);
			inputFileListPaths = (
				"${PODS_ROOT}/Target Support Files/Pods-SwiftUI-Titans-Crypto-SwiftUI-Titans-CryptoUITests/Pods-SwiftUI-Titans-Crypto-SwiftUI-Titans-CryptoUITests-frameworks-${CONFIGURATION}-input-files.xcfilelist",
			);
			name = "[CP] Embed Pods Frameworks";
			outputFileListPaths = (
				"${PODS_ROOT}/Target Support Files/Pods-SwiftUI-Titans-Crypto-SwiftUI-Titans-CryptoUITests/Pods-SwiftUI-Titans-Crypto-SwiftUI-Titans-CryptoUITests-frameworks-${CONFIGURATION}-output-files.xcfilelist",
			);
			runOnlyForDeploymentPostprocessing = 0;
			shellPath = /bin/sh;
			shellScript = "\"${PODS_ROOT}/Target Support Files/Pods-SwiftUI-Titans-Crypto-SwiftUI-Titans-CryptoUITests/Pods-SwiftUI-Titans-Crypto-SwiftUI-Titans-CryptoUITests-frameworks.sh\"\n";
			showEnvVarsInLog = 0;
		};
		5FDACCB600CF52772F543747 /* [CP] Check Pods Manifest.lock */ = {
			isa = PBXShellScriptBuildPhase;
			buildActionMask = 2147483647;
			files = (
			);
			inputFileListPaths = (
			);
			inputPaths = (
				"${PODS_PODFILE_DIR_PATH}/Podfile.lock",
				"${PODS_ROOT}/Manifest.lock",
			);
			name = "[CP] Check Pods Manifest.lock";
			outputFileListPaths = (
			);
			outputPaths = (
				"$(DERIVED_FILE_DIR)/Pods-SwiftUI-Titans-Crypto-checkManifestLockResult.txt",
			);
			runOnlyForDeploymentPostprocessing = 0;
			shellPath = /bin/sh;
			shellScript = "diff \"${PODS_PODFILE_DIR_PATH}/Podfile.lock\" \"${PODS_ROOT}/Manifest.lock\" > /dev/null\nif [ $? != 0 ] ; then\n    # print error to STDERR\n    echo \"error: The sandbox is not in sync with the Podfile.lock. Run 'pod install' or update your CocoaPods installation.\" >&2\n    exit 1\nfi\n# This output is used by Xcode 'outputs' to avoid re-running this script phase.\necho \"SUCCESS\" > \"${SCRIPT_OUTPUT_FILE_0}\"\n";
			showEnvVarsInLog = 0;
		};
		8B55FEAD1526B8F1A8879759 /* [CP] Check Pods Manifest.lock */ = {
			isa = PBXShellScriptBuildPhase;
			buildActionMask = 2147483647;
			files = (
			);
			inputFileListPaths = (
			);
			inputPaths = (
				"${PODS_PODFILE_DIR_PATH}/Podfile.lock",
				"${PODS_ROOT}/Manifest.lock",
			);
			name = "[CP] Check Pods Manifest.lock";
			outputFileListPaths = (
			);
			outputPaths = (
				"$(DERIVED_FILE_DIR)/Pods-SwiftUI-Titans-CryptoTests-checkManifestLockResult.txt",
			);
			runOnlyForDeploymentPostprocessing = 0;
			shellPath = /bin/sh;
			shellScript = "diff \"${PODS_PODFILE_DIR_PATH}/Podfile.lock\" \"${PODS_ROOT}/Manifest.lock\" > /dev/null\nif [ $? != 0 ] ; then\n    # print error to STDERR\n    echo \"error: The sandbox is not in sync with the Podfile.lock. Run 'pod install' or update your CocoaPods installation.\" >&2\n    exit 1\nfi\n# This output is used by Xcode 'outputs' to avoid re-running this script phase.\necho \"SUCCESS\" > \"${SCRIPT_OUTPUT_FILE_0}\"\n";
			showEnvVarsInLog = 0;
		};
		A9A0A15A746C2604286D1B13 /* [CP] Embed Pods Frameworks */ = {
			isa = PBXShellScriptBuildPhase;
			buildActionMask = 2147483647;
			files = (
			);
			inputFileListPaths = (
				"${PODS_ROOT}/Target Support Files/Pods-SwiftUI-Titans-Crypto/Pods-SwiftUI-Titans-Crypto-frameworks-${CONFIGURATION}-input-files.xcfilelist",
			);
			name = "[CP] Embed Pods Frameworks";
			outputFileListPaths = (
				"${PODS_ROOT}/Target Support Files/Pods-SwiftUI-Titans-Crypto/Pods-SwiftUI-Titans-Crypto-frameworks-${CONFIGURATION}-output-files.xcfilelist",
			);
			runOnlyForDeploymentPostprocessing = 0;
			shellPath = /bin/sh;
			shellScript = "\"${PODS_ROOT}/Target Support Files/Pods-SwiftUI-Titans-Crypto/Pods-SwiftUI-Titans-Crypto-frameworks.sh\"\n";
			showEnvVarsInLog = 0;
		};
/* End PBXShellScriptBuildPhase section */

/* Begin PBXSourcesBuildPhase section */
		D110F70729B025CD008C8B49 /* Sources */ = {
			isa = PBXSourcesBuildPhase;
			buildActionMask = 2147483647;
			files = (
				D110F71829B025D8008C8B49 /* Persistence.swift in Sources */,
				D18E6D2929B95D960017F736 /* RegisterMobileViewModel.swift in Sources */,
				D1B0DCBC29C000F4003A074A /* Constantes.swift in Sources */,
				D110F74429B0271C008C8B49 /* AutenticationView.swift in Sources */,
				D14E848829BF7CBE00852419 /* CameraPreview.swift in Sources */,
				D110F71129B025CD008C8B49 /* ContentView.swift in Sources */,
				D110F74729B028B2008C8B49 /* RegisterMobileView.swift in Sources */,
				D110F75B29B029F8008C8B49 /* TradesView.swift in Sources */,
				D14E848E29BF81B700852419 /* WalletsViewModel.swift in Sources */,
				D18E6D2729B958D60017F736 /* HomeViewModel.swift in Sources */,
				D110F74129B026D3008C8B49 /* BienvenidaView.swift in Sources */,
				D110F75729B029E1008C8B49 /* HomeView.swift in Sources */,
				D14E848629BF7C9C00852419 /* QrCodeScannerView.swift in Sources */,
				D18E6D2529B9554E0017F736 /* AppSharedViewModel.swift in Sources */,
				D1EF864229B2C10B00AC9A7D /* Componentes.swift in Sources */,
				D110F75929B029EE008C8B49 /* MarketsView.swift in Sources */,
				D110F70F29B025CD008C8B49 /* SwiftUI_Titans_CryptoApp.swift in Sources */,
				D110F71B29B025D8008C8B49 /* SwiftUI_Titans_Crypto.xcdatamodeld in Sources */,
				D110F75029B0297C008C8B49 /* TabPrincipalView.swift in Sources */,
				D110F75D29B02A07008C8B49 /* ActivityView.swift in Sources */,
				2B2D4B6129B6A80D00DEC623 /* PagingView.swift in Sources */,
				D18E6D1A29B6BCEF0017F736 /* BienvenidaModelo.swift in Sources */,
				D18E6D1E29B7FED80017F736 /* AutenticationViewModel.swift in Sources */,
				D110F74D29B0291C008C8B49 /* CuentaCreadaView.swift in Sources */,
				D110F74A29B028DE008C8B49 /* VerificationView.swift in Sources */,
				D14E848A29BF7D5100852419 /* QrCodeCameraDelegate.swift in Sources */,
				D18E6D2329B802AC0017F736 /* AppDelegate.swift in Sources */,
				D1B0DCB929BFF6C6003A074A /* CameraShape.swift in Sources */,
				2B2D4B6329B6B30800DEC623 /* PageControl.swift in Sources */,
				D18E6D2C29BBB9290017F736 /* WalletsQRView.swift in Sources */,
				D110F75F29B02A14008C8B49 /* WalletsView.swift in Sources */,
			);
			runOnlyForDeploymentPostprocessing = 0;
		};
		D110F71C29B025D9008C8B49 /* Sources */ = {
			isa = PBXSourcesBuildPhase;
			buildActionMask = 2147483647;
			files = (
				D110F72529B025D9008C8B49 /* SwiftUI_Titans_CryptoTests.swift in Sources */,
			);
			runOnlyForDeploymentPostprocessing = 0;
		};
		D110F72629B025D9008C8B49 /* Sources */ = {
			isa = PBXSourcesBuildPhase;
			buildActionMask = 2147483647;
			files = (
				D110F73129B025D9008C8B49 /* SwiftUI_Titans_CryptoUITestsLaunchTests.swift in Sources */,
				D110F72F29B025D9008C8B49 /* SwiftUI_Titans_CryptoUITests.swift in Sources */,
			);
			runOnlyForDeploymentPostprocessing = 0;
		};
/* End PBXSourcesBuildPhase section */

/* Begin PBXTargetDependency section */
		D110F72229B025D9008C8B49 /* PBXTargetDependency */ = {
			isa = PBXTargetDependency;
			target = D110F70A29B025CD008C8B49 /* SwiftUI-Titans-Crypto */;
			targetProxy = D110F72129B025D9008C8B49 /* PBXContainerItemProxy */;
		};
		D110F72C29B025D9008C8B49 /* PBXTargetDependency */ = {
			isa = PBXTargetDependency;
			target = D110F70A29B025CD008C8B49 /* SwiftUI-Titans-Crypto */;
			targetProxy = D110F72B29B025D9008C8B49 /* PBXContainerItemProxy */;
		};
/* End PBXTargetDependency section */

/* Begin XCBuildConfiguration section */
		D110F73229B025D9008C8B49 /* Debug */ = {
			isa = XCBuildConfiguration;
			buildSettings = {
				ALWAYS_SEARCH_USER_PATHS = NO;
				CLANG_ANALYZER_NONNULL = YES;
				CLANG_ANALYZER_NUMBER_OBJECT_CONVERSION = YES_AGGRESSIVE;
				CLANG_CXX_LANGUAGE_STANDARD = "gnu++20";
				CLANG_ENABLE_MODULES = YES;
				CLANG_ENABLE_OBJC_ARC = YES;
				CLANG_ENABLE_OBJC_WEAK = YES;
				CLANG_WARN_BLOCK_CAPTURE_AUTORELEASING = YES;
				CLANG_WARN_BOOL_CONVERSION = YES;
				CLANG_WARN_COMMA = YES;
				CLANG_WARN_CONSTANT_CONVERSION = YES;
				CLANG_WARN_DEPRECATED_OBJC_IMPLEMENTATIONS = YES;
				CLANG_WARN_DIRECT_OBJC_ISA_USAGE = YES_ERROR;
				CLANG_WARN_DOCUMENTATION_COMMENTS = YES;
				CLANG_WARN_EMPTY_BODY = YES;
				CLANG_WARN_ENUM_CONVERSION = YES;
				CLANG_WARN_INFINITE_RECURSION = YES;
				CLANG_WARN_INT_CONVERSION = YES;
				CLANG_WARN_NON_LITERAL_NULL_CONVERSION = YES;
				CLANG_WARN_OBJC_IMPLICIT_RETAIN_SELF = YES;
				CLANG_WARN_OBJC_LITERAL_CONVERSION = YES;
				CLANG_WARN_OBJC_ROOT_CLASS = YES_ERROR;
				CLANG_WARN_QUOTED_INCLUDE_IN_FRAMEWORK_HEADER = YES;
				CLANG_WARN_RANGE_LOOP_ANALYSIS = YES;
				CLANG_WARN_STRICT_PROTOTYPES = YES;
				CLANG_WARN_SUSPICIOUS_MOVE = YES;
				CLANG_WARN_UNGUARDED_AVAILABILITY = YES_AGGRESSIVE;
				CLANG_WARN_UNREACHABLE_CODE = YES;
				CLANG_WARN__DUPLICATE_METHOD_MATCH = YES;
				COPY_PHASE_STRIP = NO;
				DEBUG_INFORMATION_FORMAT = dwarf;
				ENABLE_STRICT_OBJC_MSGSEND = YES;
				ENABLE_TESTABILITY = YES;
				GCC_C_LANGUAGE_STANDARD = gnu11;
				GCC_DYNAMIC_NO_PIC = NO;
				GCC_NO_COMMON_BLOCKS = YES;
				GCC_OPTIMIZATION_LEVEL = 0;
				GCC_PREPROCESSOR_DEFINITIONS = (
					"DEBUG=1",
					"$(inherited)",
				);
				GCC_WARN_64_TO_32_BIT_CONVERSION = YES;
				GCC_WARN_ABOUT_RETURN_TYPE = YES_ERROR;
				GCC_WARN_UNDECLARED_SELECTOR = YES;
				GCC_WARN_UNINITIALIZED_AUTOS = YES_AGGRESSIVE;
				GCC_WARN_UNUSED_FUNCTION = YES;
				GCC_WARN_UNUSED_VARIABLE = YES;
				IPHONEOS_DEPLOYMENT_TARGET = 14.0;
				MTL_ENABLE_DEBUG_INFO = INCLUDE_SOURCE;
				MTL_FAST_MATH = YES;
				ONLY_ACTIVE_ARCH = YES;
				SDKROOT = iphoneos;
				SWIFT_ACTIVE_COMPILATION_CONDITIONS = DEBUG;
				SWIFT_OPTIMIZATION_LEVEL = "-Onone";
			};
			name = Debug;
		};
		D110F73329B025D9008C8B49 /* Release */ = {
			isa = XCBuildConfiguration;
			buildSettings = {
				ALWAYS_SEARCH_USER_PATHS = NO;
				CLANG_ANALYZER_NONNULL = YES;
				CLANG_ANALYZER_NUMBER_OBJECT_CONVERSION = YES_AGGRESSIVE;
				CLANG_CXX_LANGUAGE_STANDARD = "gnu++20";
				CLANG_ENABLE_MODULES = YES;
				CLANG_ENABLE_OBJC_ARC = YES;
				CLANG_ENABLE_OBJC_WEAK = YES;
				CLANG_WARN_BLOCK_CAPTURE_AUTORELEASING = YES;
				CLANG_WARN_BOOL_CONVERSION = YES;
				CLANG_WARN_COMMA = YES;
				CLANG_WARN_CONSTANT_CONVERSION = YES;
				CLANG_WARN_DEPRECATED_OBJC_IMPLEMENTATIONS = YES;
				CLANG_WARN_DIRECT_OBJC_ISA_USAGE = YES_ERROR;
				CLANG_WARN_DOCUMENTATION_COMMENTS = YES;
				CLANG_WARN_EMPTY_BODY = YES;
				CLANG_WARN_ENUM_CONVERSION = YES;
				CLANG_WARN_INFINITE_RECURSION = YES;
				CLANG_WARN_INT_CONVERSION = YES;
				CLANG_WARN_NON_LITERAL_NULL_CONVERSION = YES;
				CLANG_WARN_OBJC_IMPLICIT_RETAIN_SELF = YES;
				CLANG_WARN_OBJC_LITERAL_CONVERSION = YES;
				CLANG_WARN_OBJC_ROOT_CLASS = YES_ERROR;
				CLANG_WARN_QUOTED_INCLUDE_IN_FRAMEWORK_HEADER = YES;
				CLANG_WARN_RANGE_LOOP_ANALYSIS = YES;
				CLANG_WARN_STRICT_PROTOTYPES = YES;
				CLANG_WARN_SUSPICIOUS_MOVE = YES;
				CLANG_WARN_UNGUARDED_AVAILABILITY = YES_AGGRESSIVE;
				CLANG_WARN_UNREACHABLE_CODE = YES;
				CLANG_WARN__DUPLICATE_METHOD_MATCH = YES;
				COPY_PHASE_STRIP = NO;
				DEBUG_INFORMATION_FORMAT = "dwarf-with-dsym";
				ENABLE_NS_ASSERTIONS = NO;
				ENABLE_STRICT_OBJC_MSGSEND = YES;
				GCC_C_LANGUAGE_STANDARD = gnu11;
				GCC_NO_COMMON_BLOCKS = YES;
				GCC_WARN_64_TO_32_BIT_CONVERSION = YES;
				GCC_WARN_ABOUT_RETURN_TYPE = YES_ERROR;
				GCC_WARN_UNDECLARED_SELECTOR = YES;
				GCC_WARN_UNINITIALIZED_AUTOS = YES_AGGRESSIVE;
				GCC_WARN_UNUSED_FUNCTION = YES;
				GCC_WARN_UNUSED_VARIABLE = YES;
				IPHONEOS_DEPLOYMENT_TARGET = 14.0;
				MTL_ENABLE_DEBUG_INFO = NO;
				MTL_FAST_MATH = YES;
				SDKROOT = iphoneos;
				SWIFT_COMPILATION_MODE = wholemodule;
				SWIFT_OPTIMIZATION_LEVEL = "-O";
				VALIDATE_PRODUCT = YES;
			};
			name = Release;
		};
		D110F73529B025D9008C8B49 /* Debug */ = {
			isa = XCBuildConfiguration;
			baseConfigurationReference = 632B5042C3B73AFA11F0A3F4 /* Pods-SwiftUI-Titans-Crypto.debug.xcconfig */;
			buildSettings = {
				ASSETCATALOG_COMPILER_APPICON_NAME = AppIcon;
				ASSETCATALOG_COMPILER_GLOBAL_ACCENT_COLOR_NAME = AccentColor;
				CODE_SIGN_ENTITLEMENTS = "SwiftUI-Titans-Crypto/SwiftUI-Titans-Crypto.entitlements";
				CODE_SIGN_IDENTITY = "Apple Development";
				CODE_SIGN_STYLE = Automatic;
				CURRENT_PROJECT_VERSION = 1;
				DEVELOPMENT_ASSET_PATHS = "\"SwiftUI-Titans-Crypto/Preview Content\"";
				DEVELOPMENT_TEAM = H9JXH336V5;
				ENABLE_PREVIEWS = YES;
				GENERATE_INFOPLIST_FILE = YES;
				INFOPLIST_FILE = "SwiftUI-Titans-Crypto/Info.plist";
				INFOPLIST_KEY_NSCameraUsageDescription = "Necesitamos permiso de camara";
				INFOPLIST_KEY_UIApplicationSceneManifest_Generation = YES;
				INFOPLIST_KEY_UIApplicationSupportsIndirectInputEvents = YES;
				INFOPLIST_KEY_UISupportedInterfaceOrientations_iPad = "UIInterfaceOrientationPortrait UIInterfaceOrientationPortraitUpsideDown UIInterfaceOrientationLandscapeLeft UIInterfaceOrientationLandscapeRight";
				INFOPLIST_KEY_UISupportedInterfaceOrientations_iPhone = "UIInterfaceOrientationPortrait UIInterfaceOrientationLandscapeLeft UIInterfaceOrientationLandscapeRight";
				IPHONEOS_DEPLOYMENT_TARGET = 14.0;
				LD_RUNPATH_SEARCH_PATHS = (
					"$(inherited)",
					"@executable_path/Frameworks",
				);
				MARKETING_VERSION = 1.0;
				PRODUCT_BUNDLE_IDENTIFIER = "com.laclave.SwiftUI-Titans-Crypto";
				PRODUCT_NAME = "$(TARGET_NAME)";
				PROVISIONING_PROFILE_SPECIFIER = "";
				SWIFT_EMIT_LOC_STRINGS = YES;
				SWIFT_VERSION = 5.0;
				TARGETED_DEVICE_FAMILY = "1,2";
			};
			name = Debug;
		};
		D110F73629B025D9008C8B49 /* Release */ = {
			isa = XCBuildConfiguration;
			baseConfigurationReference = E7907746543C44D34C354E39 /* Pods-SwiftUI-Titans-Crypto.release.xcconfig */;
			buildSettings = {
				ASSETCATALOG_COMPILER_APPICON_NAME = AppIcon;
				ASSETCATALOG_COMPILER_GLOBAL_ACCENT_COLOR_NAME = AccentColor;
				CODE_SIGN_ENTITLEMENTS = "SwiftUI-Titans-Crypto/SwiftUI-Titans-Crypto.entitlements";
				CODE_SIGN_IDENTITY = "Apple Development";
				CODE_SIGN_STYLE = Automatic;
				CURRENT_PROJECT_VERSION = 1;
				DEVELOPMENT_ASSET_PATHS = "\"SwiftUI-Titans-Crypto/Preview Content\"";
				DEVELOPMENT_TEAM = H9JXH336V5;
				ENABLE_PREVIEWS = YES;
				GENERATE_INFOPLIST_FILE = YES;
				INFOPLIST_FILE = "SwiftUI-Titans-Crypto/Info.plist";
				INFOPLIST_KEY_NSCameraUsageDescription = "Necesitamos permiso de camara";
				INFOPLIST_KEY_UIApplicationSceneManifest_Generation = YES;
				INFOPLIST_KEY_UIApplicationSupportsIndirectInputEvents = YES;
				INFOPLIST_KEY_UISupportedInterfaceOrientations_iPad = "UIInterfaceOrientationPortrait UIInterfaceOrientationPortraitUpsideDown UIInterfaceOrientationLandscapeLeft UIInterfaceOrientationLandscapeRight";
				INFOPLIST_KEY_UISupportedInterfaceOrientations_iPhone = "UIInterfaceOrientationPortrait UIInterfaceOrientationLandscapeLeft UIInterfaceOrientationLandscapeRight";
				IPHONEOS_DEPLOYMENT_TARGET = 14.0;
				LD_RUNPATH_SEARCH_PATHS = (
					"$(inherited)",
					"@executable_path/Frameworks",
				);
				MARKETING_VERSION = 1.0;
				PRODUCT_BUNDLE_IDENTIFIER = "com.laclave.SwiftUI-Titans-Crypto";
				PRODUCT_NAME = "$(TARGET_NAME)";
				PROVISIONING_PROFILE_SPECIFIER = "";
				SWIFT_EMIT_LOC_STRINGS = YES;
				SWIFT_VERSION = 5.0;
				TARGETED_DEVICE_FAMILY = "1,2";
			};
			name = Release;
		};
		D110F73829B025D9008C8B49 /* Debug */ = {
			isa = XCBuildConfiguration;
			baseConfigurationReference = 63AE694A504D922B55562854 /* Pods-SwiftUI-Titans-CryptoTests.debug.xcconfig */;
			buildSettings = {
				ALWAYS_EMBED_SWIFT_STANDARD_LIBRARIES = YES;
				BUNDLE_LOADER = "$(TEST_HOST)";
				CODE_SIGN_STYLE = Automatic;
				CURRENT_PROJECT_VERSION = 1;
				DEVELOPMENT_TEAM = H9JXH336V5;
				GENERATE_INFOPLIST_FILE = YES;
				IPHONEOS_DEPLOYMENT_TARGET = 16.2;
				MARKETING_VERSION = 1.0;
				PRODUCT_BUNDLE_IDENTIFIER = "com.laclave.SwiftUI-Titans-CryptoTests";
				PRODUCT_NAME = "$(TARGET_NAME)";
				SWIFT_EMIT_LOC_STRINGS = NO;
				SWIFT_VERSION = 5.0;
				TARGETED_DEVICE_FAMILY = "1,2";
				TEST_HOST = "$(BUILT_PRODUCTS_DIR)/SwiftUI-Titans-Crypto.app/$(BUNDLE_EXECUTABLE_FOLDER_PATH)/SwiftUI-Titans-Crypto";
			};
			name = Debug;
		};
		D110F73929B025D9008C8B49 /* Release */ = {
			isa = XCBuildConfiguration;
			baseConfigurationReference = 0265DF692F585D678C0B99F3 /* Pods-SwiftUI-Titans-CryptoTests.release.xcconfig */;
			buildSettings = {
				ALWAYS_EMBED_SWIFT_STANDARD_LIBRARIES = YES;
				BUNDLE_LOADER = "$(TEST_HOST)";
				CODE_SIGN_STYLE = Automatic;
				CURRENT_PROJECT_VERSION = 1;
				DEVELOPMENT_TEAM = H9JXH336V5;
				GENERATE_INFOPLIST_FILE = YES;
				IPHONEOS_DEPLOYMENT_TARGET = 16.2;
				MARKETING_VERSION = 1.0;
				PRODUCT_BUNDLE_IDENTIFIER = "com.laclave.SwiftUI-Titans-CryptoTests";
				PRODUCT_NAME = "$(TARGET_NAME)";
				SWIFT_EMIT_LOC_STRINGS = NO;
				SWIFT_VERSION = 5.0;
				TARGETED_DEVICE_FAMILY = "1,2";
				TEST_HOST = "$(BUILT_PRODUCTS_DIR)/SwiftUI-Titans-Crypto.app/$(BUNDLE_EXECUTABLE_FOLDER_PATH)/SwiftUI-Titans-Crypto";
			};
			name = Release;
		};
		D110F73B29B025D9008C8B49 /* Debug */ = {
			isa = XCBuildConfiguration;
			baseConfigurationReference = 1789C048DD54C1EBC1944A29 /* Pods-SwiftUI-Titans-Crypto-SwiftUI-Titans-CryptoUITests.debug.xcconfig */;
			buildSettings = {
				ALWAYS_EMBED_SWIFT_STANDARD_LIBRARIES = YES;
				CODE_SIGN_STYLE = Automatic;
				CURRENT_PROJECT_VERSION = 1;
				DEVELOPMENT_TEAM = H9JXH336V5;
				GENERATE_INFOPLIST_FILE = YES;
				MARKETING_VERSION = 1.0;
				PRODUCT_BUNDLE_IDENTIFIER = "com.laclave.SwiftUI-Titans-CryptoUITests";
				PRODUCT_NAME = "$(TARGET_NAME)";
				SWIFT_EMIT_LOC_STRINGS = NO;
				SWIFT_VERSION = 5.0;
				TARGETED_DEVICE_FAMILY = "1,2";
				TEST_TARGET_NAME = "SwiftUI-Titans-Crypto";
			};
			name = Debug;
		};
		D110F73C29B025D9008C8B49 /* Release */ = {
			isa = XCBuildConfiguration;
			baseConfigurationReference = 20F5460CE4302B805A0D9922 /* Pods-SwiftUI-Titans-Crypto-SwiftUI-Titans-CryptoUITests.release.xcconfig */;
			buildSettings = {
				ALWAYS_EMBED_SWIFT_STANDARD_LIBRARIES = YES;
				CODE_SIGN_STYLE = Automatic;
				CURRENT_PROJECT_VERSION = 1;
				DEVELOPMENT_TEAM = H9JXH336V5;
				GENERATE_INFOPLIST_FILE = YES;
				MARKETING_VERSION = 1.0;
				PRODUCT_BUNDLE_IDENTIFIER = "com.laclave.SwiftUI-Titans-CryptoUITests";
				PRODUCT_NAME = "$(TARGET_NAME)";
				SWIFT_EMIT_LOC_STRINGS = NO;
				SWIFT_VERSION = 5.0;
				TARGETED_DEVICE_FAMILY = "1,2";
				TEST_TARGET_NAME = "SwiftUI-Titans-Crypto";
			};
			name = Release;
		};
/* End XCBuildConfiguration section */

/* Begin XCConfigurationList section */
		D110F70629B025CD008C8B49 /* Build configuration list for PBXProject "SwiftUI-Titans-Crypto" */ = {
			isa = XCConfigurationList;
			buildConfigurations = (
				D110F73229B025D9008C8B49 /* Debug */,
				D110F73329B025D9008C8B49 /* Release */,
			);
			defaultConfigurationIsVisible = 0;
			defaultConfigurationName = Release;
		};
		D110F73429B025D9008C8B49 /* Build configuration list for PBXNativeTarget "SwiftUI-Titans-Crypto" */ = {
			isa = XCConfigurationList;
			buildConfigurations = (
				D110F73529B025D9008C8B49 /* Debug */,
				D110F73629B025D9008C8B49 /* Release */,
			);
			defaultConfigurationIsVisible = 0;
			defaultConfigurationName = Release;
		};
		D110F73729B025D9008C8B49 /* Build configuration list for PBXNativeTarget "SwiftUI-Titans-CryptoTests" */ = {
			isa = XCConfigurationList;
			buildConfigurations = (
				D110F73829B025D9008C8B49 /* Debug */,
				D110F73929B025D9008C8B49 /* Release */,
			);
			defaultConfigurationIsVisible = 0;
			defaultConfigurationName = Release;
		};
		D110F73A29B025D9008C8B49 /* Build configuration list for PBXNativeTarget "SwiftUI-Titans-CryptoUITests" */ = {
			isa = XCConfigurationList;
			buildConfigurations = (
				D110F73B29B025D9008C8B49 /* Debug */,
				D110F73C29B025D9008C8B49 /* Release */,
			);
			defaultConfigurationIsVisible = 0;
			defaultConfigurationName = Release;
		};
/* End XCConfigurationList section */

/* Begin XCVersionGroup section */
		D110F71929B025D8008C8B49 /* SwiftUI_Titans_Crypto.xcdatamodeld */ = {
			isa = XCVersionGroup;
			children = (
				D110F71A29B025D8008C8B49 /* SwiftUI_Titans_Crypto.xcdatamodel */,
			);
			currentVersion = D110F71A29B025D8008C8B49 /* SwiftUI_Titans_Crypto.xcdatamodel */;
			path = SwiftUI_Titans_Crypto.xcdatamodeld;
			sourceTree = "<group>";
			versionGroupType = wrapper.xcdatamodel;
		};
/* End XCVersionGroup section */
	};
	rootObject = D110F70329B025CD008C8B49 /* Project object */;
}
